
Microsoft Visual Studio Solution File, Format Version 12.00
# Visual Studio 15
VisualStudioVersion = 15.0.28307.572
MinimumVisualStudioVersion = 10.0.40219.1
Project("{FAE04EC0-301F-11D3-BF4B-00C04F79EFBC}") = "FB17.04", "FB17.04\FB17.04.csproj", "{8F0E357C-F6B4-4F21-BCCC-BAC6CDEFC33E}"
EndProject
Global
	GlobalSection(SolutionConfigurationPlatforms) = preSolution
		Debug|Any CPU = Debug|Any CPU
		Release|Any CPU = Release|Any CPU
	EndGlobalSection
	GlobalSection(ProjectConfigurationPlatforms) = postSolution
		{8F0E357C-F6B4-4F21-BCCC-BAC6CDEFC33E}.Debug|Any CPU.ActiveCfg = Debug|Any CPU
		{8F0E357C-F6B4-4F21-BCCC-BAC6CDEFC33E}.Debug|Any CPU.Build.0 = Debug|Any CPU
		{8F0E357C-F6B4-4F21-BCCC-BAC6CDEFC33E}.Release|Any CPU.ActiveCfg = Release|Any CPU
		{8F0E357C-F6B4-4F21-BCCC-BAC6CDEFC33E}.Release|Any CPU.Build.0 = Release|Any CPU
	EndGlobalSection
	GlobalSection(SolutionProperties) = preSolution
		HideSolutionNode = FALSE
	EndGlobalSection
	GlobalSection(ExtensibilityGlobals) = postSolution
		SolutionGuid = {C09511C1-FB93-472B-8342-581FFB58C2E0}
	EndGlobalSection
EndGlobal
